{
  "name": "example",
  "version": "1.0.0",
  "lockfileVersion": 1,
  "requires": true,
  "dependencies": {
    "waait": {
      "version": "1.0.1",
      "resolved": "https://registry.npmjs.org/waait/-/waait-1.0.1.tgz",
      "integrity": "sha512-kh6eK0xpZPA269kyG+ogV3u/AQXjYqQivPuI/D4D3XZ8Yf4nUHWVr0XLnJo9a0bQ9OY807a6Wmiv+80ors2TBA==",
      "dev": true
    }
  }
}
